{
  "requires": true,
  "lockfileVersion": 1,
  "dependencies": {
    "mand-mobile": {
      "version": "2.3.2",
      "resolved": "https://registry.npmjs.org/mand-mobile/-/mand-mobile-2.3.2.tgz",
      "integrity": "sha512-OhABqIAF+N9zh2lj6HCqs0gRQ+AWJYk82chymywBSONt1botN7ZyhJ+aR8Bevgnluuct24sO2Qh6zkOpv5sAcA=="
    }
  }
}
